
Microsoft Visual Studio Solution File, Format Version 12.00
# Visual Studio Version 16
VisualStudioVersion = 16.0.34407.143
MinimumVisualStudioVersion = 10.0.40219.1
Project("{FAE04EC0-301F-11D3-BF4B-00C04F79EFBC}") = "ats", "ats\ats.csproj", "{575131B0-E2F0-4EC5-A72C-F211F910016A}"
EndProject
Global
	GlobalSection(SolutionConfigurationPlatforms) = preSolution
		Debug|Any CPU = Debug|Any CPU
		Release|Any CPU = Release|Any CPU
	EndGlobalSection
	GlobalSection(ProjectConfigurationPlatforms) = postSolution
		{575131B0-E2F0-4EC5-A72C-F211F910016A}.Debug|Any CPU.ActiveCfg = Debug|Any CPU
		{575131B0-E2F0-4EC5-A72C-F211F910016A}.Debug|Any CPU.Build.0 = Debug|Any CPU
		{575131B0-E2F0-4EC5-A72C-F211F910016A}.Release|Any CPU.ActiveCfg = Release|Any CPU
		{575131B0-E2F0-4EC5-A72C-F211F910016A}.Release|Any CPU.Build.0 = Release|Any CPU
	EndGlobalSection
	GlobalSection(SolutionProperties) = preSolution
		HideSolutionNode = FALSE
	EndGlobalSection
	GlobalSection(ExtensibilityGlobals) = postSolution
		SolutionGuid = {F23A8643-AB5A-4646-A7CD-4ECB397AAB65}
	EndGlobalSection
EndGlobal
